
Microsoft Visual Studio Solution File, Format Version 12.00
# Visual Studio Version 16
VisualStudioVersion = 16.0.29509.3
MinimumVisualStudioVersion = 10.0.40219.1
Project("{FAE04EC0-301F-11D3-BF4B-00C04F79EFBC}") = "CorporateWebsite.EvaluationTest", "CorporateWebsite.EvaluationTest\CorporateWebsite.EvaluationTest.csproj", "{0668DC59-9AA6-462B-867D-5BD042A23979}"
EndProject
Global
	GlobalSection(SolutionConfigurationPlatforms) = preSolution
		Debug|Any CPU = Debug|Any CPU
		Release|Any CPU = Release|Any CPU
	EndGlobalSection
	GlobalSection(ProjectConfigurationPlatforms) = postSolution
		{0668DC59-9AA6-462B-867D-5BD042A23979}.Debug|Any CPU.ActiveCfg = Debug|Any CPU
		{0668DC59-9AA6-462B-867D-5BD042A23979}.Debug|Any CPU.Build.0 = Debug|Any CPU
		{0668DC59-9AA6-462B-867D-5BD042A23979}.Release|Any CPU.ActiveCfg = Release|Any CPU
		{0668DC59-9AA6-462B-867D-5BD042A23979}.Release|Any CPU.Build.0 = Release|Any CPU
	EndGlobalSection
	GlobalSection(SolutionProperties) = preSolution
		HideSolutionNode = FALSE
	EndGlobalSection
	GlobalSection(ExtensibilityGlobals) = postSolution
		SolutionGuid = {D33B33CA-27E3-432D-BF98-DCB3666528D6}
	EndGlobalSection
EndGlobal
